
Microsoft Visual Studio Solution File, Format Version 12.00
# Visual Studio 15
VisualStudioVersion = 15.0.27130.2026
MinimumVisualStudioVersion = 10.0.40219.1
Project("{FAE04EC0-301F-11D3-BF4B-00C04F79EFBC}") = "AirTrafficLibrary", "AirTrafficLibrary\AirTrafficLibrary.csproj", "{368B4525-83E6-4A39-9818-2BB2A6C023B2}"
EndProject
Project("{FAE04EC0-301F-11D3-BF4B-00C04F79EFBC}") = "AirTrafficLibrary.Test.Unit", "AirTrafficLabrary.Test.Unit\AirTrafficLibrary.Test.Unit.csproj", "{528B7BC9-B8FD-43D0-978B-651F067C1933}"
EndProject
Global
	GlobalSection(SolutionConfigurationPlatforms) = preSolution
		Debug|Any CPU = Debug|Any CPU
		Release|Any CPU = Release|Any CPU
	EndGlobalSection
	GlobalSection(ProjectConfigurationPlatforms) = postSolution
		{368B4525-83E6-4A39-9818-2BB2A6C023B2}.Debug|Any CPU.ActiveCfg = Debug|Any CPU
		{368B4525-83E6-4A39-9818-2BB2A6C023B2}.Debug|Any CPU.Build.0 = Debug|Any CPU
		{368B4525-83E6-4A39-9818-2BB2A6C023B2}.Release|Any CPU.ActiveCfg = Release|Any CPU
		{368B4525-83E6-4A39-9818-2BB2A6C023B2}.Release|Any CPU.Build.0 = Release|Any CPU
		{528B7BC9-B8FD-43D0-978B-651F067C1933}.Debug|Any CPU.ActiveCfg = Debug|Any CPU
		{528B7BC9-B8FD-43D0-978B-651F067C1933}.Debug|Any CPU.Build.0 = Debug|Any CPU
		{528B7BC9-B8FD-43D0-978B-651F067C1933}.Release|Any CPU.ActiveCfg = Release|Any CPU
		{528B7BC9-B8FD-43D0-978B-651F067C1933}.Release|Any CPU.Build.0 = Release|Any CPU
	EndGlobalSection
	GlobalSection(SolutionProperties) = preSolution
		HideSolutionNode = FALSE
	EndGlobalSection
	GlobalSection(ExtensibilityGlobals) = postSolution
		SolutionGuid = {207E2BA2-C781-48AC-B868-04185893695E}
	EndGlobalSection
EndGlobal
