
Microsoft Visual Studio Solution File, Format Version 12.00
# Visual Studio 15
VisualStudioVersion = 15.0.27130.2036
MinimumVisualStudioVersion = 10.0.40219.1
Project("{FAE04EC0-301F-11D3-BF4B-00C04F79EFBC}") = "AirTrafficMonitoring", "AirTrafficMonitoring.csproj", "{D71B3793-F52C-46D7-AA00-0388589A5382}"
EndProject
Project("{FAE04EC0-301F-11D3-BF4B-00C04F79EFBC}") = "AirTrafficMonitoring.Test.Unit", "..\AirTrafficMonitoring.Test.Unit\AirTrafficMonitoring.Test.Unit.csproj", "{927DCF60-81B7-4FC7-B5DE-755B4175C9B0}"
EndProject
Global
	GlobalSection(SolutionConfigurationPlatforms) = preSolution
		Debug|Any CPU = Debug|Any CPU
		Release|Any CPU = Release|Any CPU
	EndGlobalSection
	GlobalSection(ProjectConfigurationPlatforms) = postSolution
		{D71B3793-F52C-46D7-AA00-0388589A5382}.Debug|Any CPU.ActiveCfg = Debug|Any CPU
		{D71B3793-F52C-46D7-AA00-0388589A5382}.Debug|Any CPU.Build.0 = Debug|Any CPU
		{D71B3793-F52C-46D7-AA00-0388589A5382}.Release|Any CPU.ActiveCfg = Release|Any CPU
		{D71B3793-F52C-46D7-AA00-0388589A5382}.Release|Any CPU.Build.0 = Release|Any CPU
		{927DCF60-81B7-4FC7-B5DE-755B4175C9B0}.Debug|Any CPU.ActiveCfg = Debug|Any CPU
		{927DCF60-81B7-4FC7-B5DE-755B4175C9B0}.Debug|Any CPU.Build.0 = Debug|Any CPU
		{927DCF60-81B7-4FC7-B5DE-755B4175C9B0}.Release|Any CPU.ActiveCfg = Release|Any CPU
		{927DCF60-81B7-4FC7-B5DE-755B4175C9B0}.Release|Any CPU.Build.0 = Release|Any CPU
	EndGlobalSection
	GlobalSection(SolutionProperties) = preSolution
		HideSolutionNode = FALSE
	EndGlobalSection
	GlobalSection(ExtensibilityGlobals) = postSolution
		SolutionGuid = {3B1F2485-7A09-42C9-B934-EB5FFF685D58}
	EndGlobalSection
EndGlobal
